[[package]]
name = "zk_bitwise_stack_v0_0_5"
network = "testnet3"
location = "network"
checksum = "39305eb399bd97a003ff50f06d2812184e5244e5a248c9b79f9bcb7e6a16aefd"
dependencies = []

[[package]]
name = "zk_deck_shuffle_v0_0_1"
network = "testnet3"
location = "network"
checksum = "7fa243e8ea175e37fd1893ff0d23d065d6d376251a38de5bff6f5363bfac1571"
dependencies = ["zk_bitwise_stack_v0_0_5.aleo"]

[[package]]
name = "zk_sra_encryption_v0_0_2"
network = "testnet3"
location = "network"
checksum = "7a4ffdedd5f5ae3346de50615829a2d4ef79090ff4a2bc1da55ab36c1651960d"
dependencies = []
